
Microsoft Visual Studio Solution File, Format Version 12.00
# Visual Studio 2013
VisualStudioVersion = 12.0.31101.0
MinimumVisualStudioVersion = 10.0.40219.1
Project("{888888A0-9F3D-457C-B088-3A5042F75D52}") = "sr_things", "sr_things.pyproj", "{722FE784-6F26-4A7F-A483-0DCA37683482}"
EndProject
Project("{888888A0-9F3D-457C-B088-3A5042F75D52}") = "sr-rss", "%USERPROFILE%\Google Drive\dev\home_repo\trunk\sr-fetch\sr-rss.pyproj", "{449A748E-059D-4614-8E22-2C084A888C32}"
EndProject
Project("{FAE04EC0-301F-11D3-BF4B-00C04F79EFBC}") = "Atom2RSS_console", "C:\dev\sr-fetch\Atom2RSS_console\Atom2RSS_console.csproj", "{CD8A1106-143F-47DA-AA0F-56EAE4C31FAA}"
EndProject
Project("{888888A0-9F3D-457C-B088-3A5042F75D52}") = "sr_things_datolite", "\\datolite\leif\src\py_web\sr_things_datolite.pyproj", "{03B757EC-C789-4EA6-B6AC-3ADD94539289}"
EndProject
Global
	GlobalSection(SolutionConfigurationPlatforms) = preSolution
		Debug|Any CPU = Debug|Any CPU
		Release|Any CPU = Release|Any CPU
	EndGlobalSection
	GlobalSection(ProjectConfigurationPlatforms) = postSolution
		{722FE784-6F26-4A7F-A483-0DCA37683482}.Debug|Any CPU.ActiveCfg = Debug|Any CPU
		{722FE784-6F26-4A7F-A483-0DCA37683482}.Release|Any CPU.ActiveCfg = Release|Any CPU
		{449A748E-059D-4614-8E22-2C084A888C32}.Debug|Any CPU.ActiveCfg = Debug|Any CPU
		{449A748E-059D-4614-8E22-2C084A888C32}.Release|Any CPU.ActiveCfg = Release|Any CPU
		{CD8A1106-143F-47DA-AA0F-56EAE4C31FAA}.Debug|Any CPU.ActiveCfg = Debug|Any CPU
		{CD8A1106-143F-47DA-AA0F-56EAE4C31FAA}.Debug|Any CPU.Build.0 = Debug|Any CPU
		{CD8A1106-143F-47DA-AA0F-56EAE4C31FAA}.Release|Any CPU.ActiveCfg = Release|Any CPU
		{CD8A1106-143F-47DA-AA0F-56EAE4C31FAA}.Release|Any CPU.Build.0 = Release|Any CPU
		{03B757EC-C789-4EA6-B6AC-3ADD94539289}.Debug|Any CPU.ActiveCfg = Debug|Any CPU
		{03B757EC-C789-4EA6-B6AC-3ADD94539289}.Release|Any CPU.ActiveCfg = Release|Any CPU
	EndGlobalSection
	GlobalSection(SolutionProperties) = preSolution
		HideSolutionNode = FALSE
	EndGlobalSection
EndGlobal
